
Microsoft Visual Studio Solution File, Format Version 12.00
# Visual Studio Version 17
VisualStudioVersion = 17.5.002.0
MinimumVisualStudioVersion = 10.0.40219.1
Project("{2150E333-8FDC-42A3-9474-1A3956D46DE8}") = "code", "code", "{5701D17B-71C0-4044-AE8F-8CFD4B18DED4}"
EndProject
Project("{9A19103F-16F7-4668-BE54-9A1E7A4F7556}") = "Yell", "code\Yell\Yell.csproj", "{B9E421E2-607F-405E-BB61-166917C5BE6E}"
EndProject
Global
	GlobalSection(SolutionConfigurationPlatforms) = preSolution
		Debug|Any CPU = Debug|Any CPU
		Release|Any CPU = Release|Any CPU
	EndGlobalSection
	GlobalSection(ProjectConfigurationPlatforms) = postSolution
		{B9E421E2-607F-405E-BB61-166917C5BE6E}.Debug|Any CPU.ActiveCfg = Debug|Any CPU
		{B9E421E2-607F-405E-BB61-166917C5BE6E}.Debug|Any CPU.Build.0 = Debug|Any CPU
		{B9E421E2-607F-405E-BB61-166917C5BE6E}.Release|Any CPU.ActiveCfg = Release|Any CPU
		{B9E421E2-607F-405E-BB61-166917C5BE6E}.Release|Any CPU.Build.0 = Release|Any CPU
	EndGlobalSection
	GlobalSection(SolutionProperties) = preSolution
		HideSolutionNode = FALSE
	EndGlobalSection
	GlobalSection(NestedProjects) = preSolution
		{B9E421E2-607F-405E-BB61-166917C5BE6E} = {5701D17B-71C0-4044-AE8F-8CFD4B18DED4}
	EndGlobalSection
	GlobalSection(ExtensibilityGlobals) = postSolution
		SolutionGuid = {6E3F9909-0B1C-4C6B-8D50-B87262560F52}
	EndGlobalSection
EndGlobal
