
Microsoft Visual Studio Solution File, Format Version 12.00
# Visual Studio Version 17
VisualStudioVersion = 17.5.002.0
MinimumVisualStudioVersion = 10.0.40219.1
Project("{2150E333-8FDC-42A3-9474-1A3956D46DE8}") = "example_1", "example_1", "{CA0AB554-EB66-42DF-855F-694AA0EE8FB0}"
EndProject
Project("{9A19103F-16F7-4668-BE54-9A1E7A4F7556}") = "output_in_c#", "example_1\output_in_c#\output_in_c#.csproj", "{DEFA4F48-E236-4EAF-84C5-BCB1C05EEC5D}"
EndProject
Global
	GlobalSection(SolutionConfigurationPlatforms) = preSolution
		Debug|Any CPU = Debug|Any CPU
		Release|Any CPU = Release|Any CPU
	EndGlobalSection
	GlobalSection(ProjectConfigurationPlatforms) = postSolution
		{DEFA4F48-E236-4EAF-84C5-BCB1C05EEC5D}.Debug|Any CPU.ActiveCfg = Debug|Any CPU
		{DEFA4F48-E236-4EAF-84C5-BCB1C05EEC5D}.Debug|Any CPU.Build.0 = Debug|Any CPU
		{DEFA4F48-E236-4EAF-84C5-BCB1C05EEC5D}.Release|Any CPU.ActiveCfg = Release|Any CPU
		{DEFA4F48-E236-4EAF-84C5-BCB1C05EEC5D}.Release|Any CPU.Build.0 = Release|Any CPU
	EndGlobalSection
	GlobalSection(SolutionProperties) = preSolution
		HideSolutionNode = FALSE
	EndGlobalSection
	GlobalSection(NestedProjects) = preSolution
		{DEFA4F48-E236-4EAF-84C5-BCB1C05EEC5D} = {CA0AB554-EB66-42DF-855F-694AA0EE8FB0}
	EndGlobalSection
	GlobalSection(ExtensibilityGlobals) = postSolution
		SolutionGuid = {89650C26-A1C7-4CEC-BD1C-035BA5F7C5B4}
	EndGlobalSection
EndGlobal
